
Microsoft Visual Studio Solution File, Format Version 12.00
# Visual Studio Version 17
VisualStudioVersion = 17.2.32526.322
MinimumVisualStudioVersion = 10.0.40219.1
Project("{FAE04EC0-301F-11D3-BF4B-00C04F79EFBC}") = "001_HelloWorld", "001_HelloWorld\001_HelloWorld.csproj", "{F53B8D69-50FB-4CC9-9451-EC333CE71A8C}"
EndProject
Project("{FAE04EC0-301F-11D3-BF4B-00C04F79EFBC}") = "002_HelloWorld2", "002_HelloWorld2\002_HelloWorld2.csproj", "{21212F6A-79F8-4A5B-814F-2429DBDAEA44}"
EndProject
Project("{FAE04EC0-301F-11D3-BF4B-00C04F79EFBC}") = "003_HelloWorld3", "003_HelloWorld3\003_HelloWorld3.csproj", "{44F0C85D-838E-46A7-A946-CD57D66D649B}"
EndProject
Project("{FAE04EC0-301F-11D3-BF4B-00C04F79EFBC}") = "006_Variable", "006_Variable\006_Variable.csproj", "{C37C7475-1C90-4F86-A7BF-3FDE4DE740C0}"
EndProject
Project("{FAE04EC0-301F-11D3-BF4B-00C04F79EFBC}") = "007_Variable2", "007_Variable2\007_Variable2.csproj", "{B82D4239-C54F-4F1D-A490-241A7F14E520}"
EndProject
Project("{FAE04EC0-301F-11D3-BF4B-00C04F79EFBC}") = "008_Data1", "008_Data1\008_Data1.csproj", "{86186AD1-19F4-4A70-8D95-90DD3080CC7E}"
EndProject
Project("{FAE04EC0-301F-11D3-BF4B-00C04F79EFBC}") = "009_Data2", "009_Data2\009_Data2.csproj", "{CBCE4A56-585C-443F-986C-5A9E06DD01B2}"
EndProject
Project("{FAE04EC0-301F-11D3-BF4B-00C04F79EFBC}") = "010_Data3", "010_Data3\010_Data3.csproj", "{C522C9EC-0FA5-4D54-B356-BEEF7323BF0F}"
EndProject
Project("{FAE04EC0-301F-11D3-BF4B-00C04F79EFBC}") = "011_Data4", "011_Data4\011_Data4.csproj", "{915A3CEB-68D8-4CA2-A98B-1F55C781B22B}"
EndProject
Project("{FAE04EC0-301F-11D3-BF4B-00C04F79EFBC}") = "012_Data5", "012_Data5\012_Data5.csproj", "{9E44147E-8682-4029-881C-8F2E807397A3}"
EndProject
Project("{FAE04EC0-301F-11D3-BF4B-00C04F79EFBC}") = "004_Check", "004_Check\004_Check.csproj", "{F5B64747-BE3E-4255-A552-539EA59D9EB5}"
EndProject
Project("{FAE04EC0-301F-11D3-BF4B-00C04F79EFBC}") = "013_Data6", "013_Data6\013_Data6.csproj", "{E9EE4B5F-80CF-43E9-BC44-6DD6478F5B2C}"
EndProject
Project("{FAE04EC0-301F-11D3-BF4B-00C04F79EFBC}") = "014_Data7", "014_Data7\014_Data7.csproj", "{2DC3142B-4F32-4519-A74B-7F6B16FF7582}"
EndProject
Project("{FAE04EC0-301F-11D3-BF4B-00C04F79EFBC}") = "015_Data8", "015_Data8\015_Data8.csproj", "{AF394437-53CF-4320-A29D-A500DC73C93C}"
EndProject
Project("{FAE04EC0-301F-11D3-BF4B-00C04F79EFBC}") = "016_String", "016_String\016_String.csproj", "{128B4D1D-1906-47FB-ADC6-275630AE729E}"
EndProject
Project("{FAE04EC0-301F-11D3-BF4B-00C04F79EFBC}") = "017_Data_bool", "017_Data_bool\017_Data_bool.csproj", "{D2A96221-2613-4B56-8FD1-35FA191924D4}"
EndProject
Project("{FAE04EC0-301F-11D3-BF4B-00C04F79EFBC}") = "018_Data_object", "018_Data_object\018_Data_object.csproj", "{2DF05B02-A55F-490C-B9B6-8D0AF4C59895}"
EndProject
Project("{FAE04EC0-301F-11D3-BF4B-00C04F79EFBC}") = "019_Data_enum", "019_Data__enum\019_Data_enum.csproj", "{F3BC50B3-EFCC-4EDE-BD56-0E66342AA7F6}"
EndProject
Project("{FAE04EC0-301F-11D3-BF4B-00C04F79EFBC}") = "020_Data_enum2", "020_Data_enum2\020_Data_enum2.csproj", "{CE90B19E-1AAE-4022-A420-4EB2035488FD}"
EndProject
Project("{FAE04EC0-301F-11D3-BF4B-00C04F79EFBC}") = "021_Data_nulllable", "021_Data_nulllable\021_Data_nulllable.csproj", "{258A3096-C0F3-406E-AC89-6B5AB72D91A4}"
EndProject
Project("{FAE04EC0-301F-11D3-BF4B-00C04F79EFBC}") = "022_Data_var", "022_Data_var\022_Data_var.csproj", "{440331ED-67E0-46AF-86DE-C46BADF072D5}"
EndProject
Project("{FAE04EC0-301F-11D3-BF4B-00C04F79EFBC}") = "023_Data_const", "023_Data_const\023_Data_const.csproj", "{0C649721-E40B-4AC3-9629-26AE19DD4E66}"
EndProject
Project("{FAE04EC0-301F-11D3-BF4B-00C04F79EFBC}") = "024_Data_cast", "024_Data_cast\024_Data_cast.csproj", "{4445201F-4F38-49DB-8469-F24E696B1CCA}"
EndProject
Project("{FAE04EC0-301F-11D3-BF4B-00C04F79EFBC}") = "025_Data_ToString", "025_Data_ToString\025_Data_ToString.csproj", "{DA571B55-85F5-4AFE-8AE4-B88425598D13}"
EndProject
Project("{FAE04EC0-301F-11D3-BF4B-00C04F79EFBC}") = "026_Data__Parse", "026_Data__Parse\026_Data__Parse.csproj", "{D42459A5-2BC6-45C8-9390-271D732FBA91}"
EndProject
Project("{FAE04EC0-301F-11D3-BF4B-00C04F79EFBC}") = "027_Data_Convert", "027_Data_Convert\027_Data_Convert.csproj", "{416A108E-367D-4003-B1BD-E3797E4ECD0A}"
EndProject
Project("{FAE04EC0-301F-11D3-BF4B-00C04F79EFBC}") = "028_Data_reference", "028_Data_reference\028_Data_reference.csproj", "{2DD3DD3D-3D3D-44B8-B231-218C1764F10F}"
EndProject
Project("{FAE04EC0-301F-11D3-BF4B-00C04F79EFBC}") = "029_Data_boxing", "029_Data_boxing\029_Data_boxing.csproj", "{898C312A-EEFF-42AB-B387-E2ECEDB9CFAE}"
EndProject
Project("{FAE04EC0-301F-11D3-BF4B-00C04F79EFBC}") = "030_ReadLine", "030_ReadLine\030_ReadLine.csproj", "{AF349435-B6B5-460B-91C1-98F07B1E3A6A}"
EndProject
Project("{FAE04EC0-301F-11D3-BF4B-00C04F79EFBC}") = "031_ReadLine2", "031_ReadLine2\031_ReadLine2.csproj", "{D3FF236F-5622-45A8-9BD9-09F25D282116}"
EndProject
Project("{FAE04EC0-301F-11D3-BF4B-00C04F79EFBC}") = "034_Operator1", "034_Operator1\034_Operator1.csproj", "{76BA52B9-116C-4158-BCCC-F7B5EF0D6DDC}"
EndProject
Project("{FAE04EC0-301F-11D3-BF4B-00C04F79EFBC}") = "035_Operator2", "035_Operator2\035_Operator2.csproj", "{593A4861-260A-4A9B-A732-1BA148B62B18}"
EndProject
Project("{FAE04EC0-301F-11D3-BF4B-00C04F79EFBC}") = "036_Operator3", "036_Operator3\036_Operator3.csproj", "{A3CEC991-E82C-4144-9B18-8D7076C89B06}"
EndProject
Project("{FAE04EC0-301F-11D3-BF4B-00C04F79EFBC}") = "036_01_Operator3", "036_01_Operator3\036_01_Operator3.csproj", "{832950BC-0D35-4A26-9389-8A1645E5A8DB}"
EndProject
Project("{FAE04EC0-301F-11D3-BF4B-00C04F79EFBC}") = "037_Operator4", "037_Operator4\037_Operator4.csproj", "{4114F564-4765-4BE5-8963-C1C9A8D9369E}"
EndProject
Project("{FAE04EC0-301F-11D3-BF4B-00C04F79EFBC}") = "038_Operator5", "038_Operator38\038_Operator5.csproj", "{93090548-4154-4461-9AA3-7A5B084DE8BD}"
EndProject
Project("{FAE04EC0-301F-11D3-BF4B-00C04F79EFBC}") = "039_Operator6", "039_Operator6\039_Operator6.csproj", "{E56B09F4-12D6-4718-8AF2-9D7E743E4A21}"
EndProject
Project("{FAE04EC0-301F-11D3-BF4B-00C04F79EFBC}") = "040_Operator_Bit", "040_Operator_Bit\040_Operator_Bit.csproj", "{C5161DD0-06AF-4441-9456-FBE101735A20}"
EndProject
Project("{FAE04EC0-301F-11D3-BF4B-00C04F79EFBC}") = "041_Operator__null", "041_Operator__null\041_Operator__null.csproj", "{E88D9120-2230-42D1-83B1-913B7B60164D}"
EndProject
Project("{FAE04EC0-301F-11D3-BF4B-00C04F79EFBC}") = "042_Operator_Branch", "042_Operator_Branch\042_Operator_Branch.csproj", "{A030DA53-E007-4BBA-8D09-089A8C8E86DE}"
EndProject
Project("{FAE04EC0-301F-11D3-BF4B-00C04F79EFBC}") = "043_Operator_Branch2", "043_Operator_Branch2\043_Operator_Branch2.csproj", "{0CB75778-196A-4F84-901B-8B544A7ED196}"
EndProject
Project("{FAE04EC0-301F-11D3-BF4B-00C04F79EFBC}") = "044_Operator_Branch3", "044_Operator_Branch3\044_Operator_Branch3.csproj", "{44680B22-E45F-4CF9-861C-067E4C4688B2}"
EndProject
Project("{FAE04EC0-301F-11D3-BF4B-00C04F79EFBC}") = "045_Operator_switch", "045_Operator_switch\045_Operator_switch.csproj", "{CB9515F2-D61C-416D-B9FA-519E92A2409C}"
EndProject
Project("{FAE04EC0-301F-11D3-BF4B-00C04F79EFBC}") = "046_Operator__switch", "046_Operator__switch\046_Operator__switch.csproj", "{B69FD8B6-DE68-4695-9913-4C352DC873D9}"
EndProject
Project("{FAE04EC0-301F-11D3-BF4B-00C04F79EFBC}") = "047_Operator_while", "047_Operator_while\047_Operator_while.csproj", "{0936F2A4-64D0-4574-8222-90E723124C94}"
EndProject
Project("{FAE04EC0-301F-11D3-BF4B-00C04F79EFBC}") = "048_Operator_do-while", "047_Operator_do-while\048_Operator_do-while.csproj", "{C6664055-720D-4CFC-93FB-618F880E8876}"
EndProject
Project("{FAE04EC0-301F-11D3-BF4B-00C04F79EFBC}") = "049_Operator_for", "049_Operator_for\049_Operator_for.csproj", "{548584CF-2D39-427F-BB62-5B8FAFB1E8D2}"
EndProject
Project("{FAE04EC0-301F-11D3-BF4B-00C04F79EFBC}") = "050_Operator_for_for", "050_Operator_for_for\050_Operator_for_for.csproj", "{4869F8F7-701D-48E6-9386-7EEF89606737}"
EndProject
Project("{FAE04EC0-301F-11D3-BF4B-00C04F79EFBC}") = "051_Operator_while_true", "051_Operator_while_true\051_Operator_while_true.csproj", "{32397EED-E5FA-4E59-84B9-59ADEA4BC709}"
EndProject
Project("{FAE04EC0-301F-11D3-BF4B-00C04F79EFBC}") = "052_Operatoe_break", "052_Operatoe_break\052_Operatoe_break.csproj", "{BF01D570-E06E-4861-A194-B37259E58669}"
EndProject
Project("{FAE04EC0-301F-11D3-BF4B-00C04F79EFBC}") = "053_Operator_continue", "053_Operator_continue\053_Operator_continue.csproj", "{E78F59FA-F579-4581-B3DA-DF6E023F8C1A}"
EndProject
Project("{FAE04EC0-301F-11D3-BF4B-00C04F79EFBC}") = "054_Operator_goto", "054_Operator_goto\054_Operator_goto.csproj", "{2913DDFC-9E38-4D33-8B8D-2BE419738A2D}"
EndProject
Project("{FAE04EC0-301F-11D3-BF4B-00C04F79EFBC}") = "058_Func1", "058_Func1\058_Func1.csproj", "{44BA244A-0897-4463-A82D-2CC204FEBDBA}"
EndProject
Project("{FAE04EC0-301F-11D3-BF4B-00C04F79EFBC}") = "059_Func2", "059_Func2\059_Func2.csproj", "{266E3E7F-2BE4-4F30-8D62-C7564FC16C37}"
EndProject
Project("{FAE04EC0-301F-11D3-BF4B-00C04F79EFBC}") = "060_Func3", "060_Func3\060_Func3.csproj", "{602A49B6-539F-4A69-8BC6-1CC42BDB1F5D}"
EndProject
Project("{FAE04EC0-301F-11D3-BF4B-00C04F79EFBC}") = "061_Func4", "061_Func4\061_Func4.csproj", "{A63368E8-E5AC-4AA0-9E41-42A8265E56FC}"
EndProject
Project("{FAE04EC0-301F-11D3-BF4B-00C04F79EFBC}") = "063_FunsSwap", "063_FunsSwap\063_FunsSwap.csproj", "{639B5250-7548-4A3E-B0C0-2BB473C42AEA}"
EndProject
Project("{FAE04EC0-301F-11D3-BF4B-00C04F79EFBC}") = "063_Func_out", "063_Func_out\063_Func_out.csproj", "{6E533270-B262-4FE2-9B1A-73876A5BDAAB}"
EndProject
Project("{FAE04EC0-301F-11D3-BF4B-00C04F79EFBC}") = "064_Func_default", "064_Func_default\064_Func_default.csproj", "{FA090438-807F-4623-89F4-9F521B3E816C}"
EndProject
Project("{FAE04EC0-301F-11D3-BF4B-00C04F79EFBC}") = "065_Func_Overloading", "065_Func_Overloading\065_Func_Overloading.csproj", "{7F3C1FBF-9200-407E-934B-C0B3271E6449}"
EndProject
Project("{FAE04EC0-301F-11D3-BF4B-00C04F79EFBC}") = "066_Func_params", "066_Func_params\066_Func_params.csproj", "{91DD4107-12C2-47F6-89A7-0AF1A1F6EE67}"
EndProject
Project("{FAE04EC0-301F-11D3-BF4B-00C04F79EFBC}") = "068_Array_Init", "068_Array_Init\068_Array_Init.csproj", "{5D9B3CA8-BDDA-492D-82E7-3C1FBC68CC7E}"
EndProject
Project("{FAE04EC0-301F-11D3-BF4B-00C04F79EFBC}") = "068_1_Array_Init2", "068_1_Array_Init2\068_1_Array_Init2.csproj", "{F4723396-055E-44A7-8125-692F00A36F10}"
EndProject
Project("{FAE04EC0-301F-11D3-BF4B-00C04F79EFBC}") = "069_Array_Multi", "069_Array_Multi\069_Array_Multi.csproj", "{57B59001-7229-4EA0-8530-8BC3B5211B7E}"
EndProject
Project("{FAE04EC0-301F-11D3-BF4B-00C04F79EFBC}") = "070_Array_Multi2", "070_Array_Multi2\070_Array_Multi2.csproj", "{E92F1F07-3196-49FA-94F5-205A8A0AE8FA}"
EndProject
Project("{FAE04EC0-301F-11D3-BF4B-00C04F79EFBC}") = "071_Array_Flex", "071_Array_Flex\071_Array_Flex.csproj", "{2A7D689C-DC58-4FFF-808B-CE6D477D94EF}"
EndProject
Project("{FAE04EC0-301F-11D3-BF4B-00C04F79EFBC}") = "072_Array_Func1", "072_Array_Func1\072_Array_Func1.csproj", "{9C829F38-71EF-4B82-8D0A-24DD05719857}"
EndProject
Project("{FAE04EC0-301F-11D3-BF4B-00C04F79EFBC}") = "073_Array_Func2", "073_Array_Func2\073_Array_Func2.csproj", "{9E908409-277C-42DA-9D83-A457216D26F1}"
EndProject
Project("{FAE04EC0-301F-11D3-BF4B-00C04F79EFBC}") = "074_Array_Clear", "074_Array_Clear\074_Array_Clear.csproj", "{1D955922-4094-4D34-AA71-76810717038A}"
EndProject
Project("{FAE04EC0-301F-11D3-BF4B-00C04F79EFBC}") = "077_class", "77_class\077_class.csproj", "{44449D21-8AF2-42AB-982E-9414DE43EFEF}"
EndProject
Project("{FAE04EC0-301F-11D3-BF4B-00C04F79EFBC}") = "078_Constructor", "078_Constructor\078_Constructor.csproj", "{CA22EF2C-79E5-45B6-973A-03558023B747}"
EndProject
Project("{FAE04EC0-301F-11D3-BF4B-00C04F79EFBC}") = "079_this", "079_this\079_this.csproj", "{19094DD6-E0F2-42FD-AF07-BB9D5715A75E}"
EndProject
Project("{FAE04EC0-301F-11D3-BF4B-00C04F79EFBC}") = "080_static", "080_static\080_static.csproj", "{C15023A4-AD69-4B86-A874-86EEDCCACC8B}"
EndProject
Project("{FAE04EC0-301F-11D3-BF4B-00C04F79EFBC}") = "081_class_parameter", "081_class_parameter\081_class_parameter.csproj", "{2151CBCC-73BF-4DD2-A3F9-2EFA692559D0}"
EndProject
Project("{FAE04EC0-301F-11D3-BF4B-00C04F79EFBC}") = "081_01_classInheritance", "081_01_classInheritance\081_01_classInheritance.csproj", "{381A253C-4810-4D9B-BF82-B3845BA63209}"
EndProject
Project("{FAE04EC0-301F-11D3-BF4B-00C04F79EFBC}") = "081_02_classInheritance", "081_02_classInheritance\081_02_classInheritance.csproj", "{FB8EF1A8-A7F7-431F-A434-DC9F03370A0F}"
EndProject
Project("{FAE04EC0-301F-11D3-BF4B-00C04F79EFBC}") = "081_03_class_base", "081_03_class_base\081_03_class_base.csproj", "{2E5558B6-E9CC-4B48-B8E4-DA1276C11CDF}"
EndProject
Global
	GlobalSection(SolutionConfigurationPlatforms) = preSolution
		Debug|Any CPU = Debug|Any CPU
		Release|Any CPU = Release|Any CPU
	EndGlobalSection
	GlobalSection(ProjectConfigurationPlatforms) = postSolution
		{F53B8D69-50FB-4CC9-9451-EC333CE71A8C}.Debug|Any CPU.ActiveCfg = Debug|Any CPU
		{F53B8D69-50FB-4CC9-9451-EC333CE71A8C}.Debug|Any CPU.Build.0 = Debug|Any CPU
		{F53B8D69-50FB-4CC9-9451-EC333CE71A8C}.Release|Any CPU.ActiveCfg = Release|Any CPU
		{F53B8D69-50FB-4CC9-9451-EC333CE71A8C}.Release|Any CPU.Build.0 = Release|Any CPU
		{21212F6A-79F8-4A5B-814F-2429DBDAEA44}.Debug|Any CPU.ActiveCfg = Debug|Any CPU
		{21212F6A-79F8-4A5B-814F-2429DBDAEA44}.Debug|Any CPU.Build.0 = Debug|Any CPU
		{21212F6A-79F8-4A5B-814F-2429DBDAEA44}.Release|Any CPU.ActiveCfg = Release|Any CPU
		{21212F6A-79F8-4A5B-814F-2429DBDAEA44}.Release|Any CPU.Build.0 = Release|Any CPU
		{44F0C85D-838E-46A7-A946-CD57D66D649B}.Debug|Any CPU.ActiveCfg = Debug|Any CPU
		{44F0C85D-838E-46A7-A946-CD57D66D649B}.Debug|Any CPU.Build.0 = Debug|Any CPU
		{44F0C85D-838E-46A7-A946-CD57D66D649B}.Release|Any CPU.ActiveCfg = Release|Any CPU
		{44F0C85D-838E-46A7-A946-CD57D66D649B}.Release|Any CPU.Build.0 = Release|Any CPU
		{C37C7475-1C90-4F86-A7BF-3FDE4DE740C0}.Debug|Any CPU.ActiveCfg = Debug|Any CPU
		{C37C7475-1C90-4F86-A7BF-3FDE4DE740C0}.Debug|Any CPU.Build.0 = Debug|Any CPU
		{C37C7475-1C90-4F86-A7BF-3FDE4DE740C0}.Release|Any CPU.ActiveCfg = Release|Any CPU
		{C37C7475-1C90-4F86-A7BF-3FDE4DE740C0}.Release|Any CPU.Build.0 = Release|Any CPU
		{B82D4239-C54F-4F1D-A490-241A7F14E520}.Debug|Any CPU.ActiveCfg = Debug|Any CPU
		{B82D4239-C54F-4F1D-A490-241A7F14E520}.Debug|Any CPU.Build.0 = Debug|Any CPU
		{B82D4239-C54F-4F1D-A490-241A7F14E520}.Release|Any CPU.ActiveCfg = Release|Any CPU
		{B82D4239-C54F-4F1D-A490-241A7F14E520}.Release|Any CPU.Build.0 = Release|Any CPU
		{86186AD1-19F4-4A70-8D95-90DD3080CC7E}.Debug|Any CPU.ActiveCfg = Debug|Any CPU
		{86186AD1-19F4-4A70-8D95-90DD3080CC7E}.Debug|Any CPU.Build.0 = Debug|Any CPU
		{86186AD1-19F4-4A70-8D95-90DD3080CC7E}.Release|Any CPU.ActiveCfg = Release|Any CPU
		{86186AD1-19F4-4A70-8D95-90DD3080CC7E}.Release|Any CPU.Build.0 = Release|Any CPU
		{CBCE4A56-585C-443F-986C-5A9E06DD01B2}.Debug|Any CPU.ActiveCfg = Debug|Any CPU
		{CBCE4A56-585C-443F-986C-5A9E06DD01B2}.Debug|Any CPU.Build.0 = Debug|Any CPU
		{CBCE4A56-585C-443F-986C-5A9E06DD01B2}.Release|Any CPU.ActiveCfg = Release|Any CPU
		{CBCE4A56-585C-443F-986C-5A9E06DD01B2}.Release|Any CPU.Build.0 = Release|Any CPU
		{C522C9EC-0FA5-4D54-B356-BEEF7323BF0F}.Debug|Any CPU.ActiveCfg = Debug|Any CPU
		{C522C9EC-0FA5-4D54-B356-BEEF7323BF0F}.Debug|Any CPU.Build.0 = Debug|Any CPU
		{C522C9EC-0FA5-4D54-B356-BEEF7323BF0F}.Release|Any CPU.ActiveCfg = Release|Any CPU
		{C522C9EC-0FA5-4D54-B356-BEEF7323BF0F}.Release|Any CPU.Build.0 = Release|Any CPU
		{915A3CEB-68D8-4CA2-A98B-1F55C781B22B}.Debug|Any CPU.ActiveCfg = Debug|Any CPU
		{915A3CEB-68D8-4CA2-A98B-1F55C781B22B}.Debug|Any CPU.Build.0 = Debug|Any CPU
		{915A3CEB-68D8-4CA2-A98B-1F55C781B22B}.Release|Any CPU.ActiveCfg = Release|Any CPU
		{915A3CEB-68D8-4CA2-A98B-1F55C781B22B}.Release|Any CPU.Build.0 = Release|Any CPU
		{9E44147E-8682-4029-881C-8F2E807397A3}.Debug|Any CPU.ActiveCfg = Debug|Any CPU
		{9E44147E-8682-4029-881C-8F2E807397A3}.Debug|Any CPU.Build.0 = Debug|Any CPU
		{9E44147E-8682-4029-881C-8F2E807397A3}.Release|Any CPU.ActiveCfg = Release|Any CPU
		{9E44147E-8682-4029-881C-8F2E807397A3}.Release|Any CPU.Build.0 = Release|Any CPU
		{F5B64747-BE3E-4255-A552-539EA59D9EB5}.Debug|Any CPU.ActiveCfg = Debug|Any CPU
		{F5B64747-BE3E-4255-A552-539EA59D9EB5}.Debug|Any CPU.Build.0 = Debug|Any CPU
		{F5B64747-BE3E-4255-A552-539EA59D9EB5}.Release|Any CPU.ActiveCfg = Release|Any CPU
		{F5B64747-BE3E-4255-A552-539EA59D9EB5}.Release|Any CPU.Build.0 = Release|Any CPU
		{E9EE4B5F-80CF-43E9-BC44-6DD6478F5B2C}.Debug|Any CPU.ActiveCfg = Debug|Any CPU
		{E9EE4B5F-80CF-43E9-BC44-6DD6478F5B2C}.Debug|Any CPU.Build.0 = Debug|Any CPU
		{E9EE4B5F-80CF-43E9-BC44-6DD6478F5B2C}.Release|Any CPU.ActiveCfg = Release|Any CPU
		{E9EE4B5F-80CF-43E9-BC44-6DD6478F5B2C}.Release|Any CPU.Build.0 = Release|Any CPU
		{2DC3142B-4F32-4519-A74B-7F6B16FF7582}.Debug|Any CPU.ActiveCfg = Debug|Any CPU
		{2DC3142B-4F32-4519-A74B-7F6B16FF7582}.Debug|Any CPU.Build.0 = Debug|Any CPU
		{2DC3142B-4F32-4519-A74B-7F6B16FF7582}.Release|Any CPU.ActiveCfg = Release|Any CPU
		{2DC3142B-4F32-4519-A74B-7F6B16FF7582}.Release|Any CPU.Build.0 = Release|Any CPU
		{AF394437-53CF-4320-A29D-A500DC73C93C}.Debug|Any CPU.ActiveCfg = Debug|Any CPU
		{AF394437-53CF-4320-A29D-A500DC73C93C}.Debug|Any CPU.Build.0 = Debug|Any CPU
		{AF394437-53CF-4320-A29D-A500DC73C93C}.Release|Any CPU.ActiveCfg = Release|Any CPU
		{AF394437-53CF-4320-A29D-A500DC73C93C}.Release|Any CPU.Build.0 = Release|Any CPU
		{128B4D1D-1906-47FB-ADC6-275630AE729E}.Debug|Any CPU.ActiveCfg = Debug|Any CPU
		{128B4D1D-1906-47FB-ADC6-275630AE729E}.Debug|Any CPU.Build.0 = Debug|Any CPU
		{128B4D1D-1906-47FB-ADC6-275630AE729E}.Release|Any CPU.ActiveCfg = Release|Any CPU
		{128B4D1D-1906-47FB-ADC6-275630AE729E}.Release|Any CPU.Build.0 = Release|Any CPU
		{D2A96221-2613-4B56-8FD1-35FA191924D4}.Debug|Any CPU.ActiveCfg = Debug|Any CPU
		{D2A96221-2613-4B56-8FD1-35FA191924D4}.Debug|Any CPU.Build.0 = Debug|Any CPU
		{D2A96221-2613-4B56-8FD1-35FA191924D4}.Release|Any CPU.ActiveCfg = Release|Any CPU
		{D2A96221-2613-4B56-8FD1-35FA191924D4}.Release|Any CPU.Build.0 = Release|Any CPU
		{2DF05B02-A55F-490C-B9B6-8D0AF4C59895}.Debug|Any CPU.ActiveCfg = Debug|Any CPU
		{2DF05B02-A55F-490C-B9B6-8D0AF4C59895}.Debug|Any CPU.Build.0 = Debug|Any CPU
		{2DF05B02-A55F-490C-B9B6-8D0AF4C59895}.Release|Any CPU.ActiveCfg = Release|Any CPU
		{2DF05B02-A55F-490C-B9B6-8D0AF4C59895}.Release|Any CPU.Build.0 = Release|Any CPU
		{F3BC50B3-EFCC-4EDE-BD56-0E66342AA7F6}.Debug|Any CPU.ActiveCfg = Debug|Any CPU
		{F3BC50B3-EFCC-4EDE-BD56-0E66342AA7F6}.Debug|Any CPU.Build.0 = Debug|Any CPU
		{F3BC50B3-EFCC-4EDE-BD56-0E66342AA7F6}.Release|Any CPU.ActiveCfg = Release|Any CPU
		{F3BC50B3-EFCC-4EDE-BD56-0E66342AA7F6}.Release|Any CPU.Build.0 = Release|Any CPU
		{CE90B19E-1AAE-4022-A420-4EB2035488FD}.Debug|Any CPU.ActiveCfg = Debug|Any CPU
		{CE90B19E-1AAE-4022-A420-4EB2035488FD}.Debug|Any CPU.Build.0 = Debug|Any CPU
		{CE90B19E-1AAE-4022-A420-4EB2035488FD}.Release|Any CPU.ActiveCfg = Release|Any CPU
		{CE90B19E-1AAE-4022-A420-4EB2035488FD}.Release|Any CPU.Build.0 = Release|Any CPU
		{258A3096-C0F3-406E-AC89-6B5AB72D91A4}.Debug|Any CPU.ActiveCfg = Debug|Any CPU
		{258A3096-C0F3-406E-AC89-6B5AB72D91A4}.Debug|Any CPU.Build.0 = Debug|Any CPU
		{258A3096-C0F3-406E-AC89-6B5AB72D91A4}.Release|Any CPU.ActiveCfg = Release|Any CPU
		{258A3096-C0F3-406E-AC89-6B5AB72D91A4}.Release|Any CPU.Build.0 = Release|Any CPU
		{440331ED-67E0-46AF-86DE-C46BADF072D5}.Debug|Any CPU.ActiveCfg = Debug|Any CPU
		{440331ED-67E0-46AF-86DE-C46BADF072D5}.Debug|Any CPU.Build.0 = Debug|Any CPU
		{440331ED-67E0-46AF-86DE-C46BADF072D5}.Release|Any CPU.ActiveCfg = Release|Any CPU
		{440331ED-67E0-46AF-86DE-C46BADF072D5}.Release|Any CPU.Build.0 = Release|Any CPU
		{0C649721-E40B-4AC3-9629-26AE19DD4E66}.Debug|Any CPU.ActiveCfg = Debug|Any CPU
		{0C649721-E40B-4AC3-9629-26AE19DD4E66}.Debug|Any CPU.Build.0 = Debug|Any CPU
		{0C649721-E40B-4AC3-9629-26AE19DD4E66}.Release|Any CPU.ActiveCfg = Release|Any CPU
		{0C649721-E40B-4AC3-9629-26AE19DD4E66}.Release|Any CPU.Build.0 = Release|Any CPU
		{4445201F-4F38-49DB-8469-F24E696B1CCA}.Debug|Any CPU.ActiveCfg = Debug|Any CPU
		{4445201F-4F38-49DB-8469-F24E696B1CCA}.Debug|Any CPU.Build.0 = Debug|Any CPU
		{4445201F-4F38-49DB-8469-F24E696B1CCA}.Release|Any CPU.ActiveCfg = Release|Any CPU
		{4445201F-4F38-49DB-8469-F24E696B1CCA}.Release|Any CPU.Build.0 = Release|Any CPU
		{DA571B55-85F5-4AFE-8AE4-B88425598D13}.Debug|Any CPU.ActiveCfg = Debug|Any CPU
		{DA571B55-85F5-4AFE-8AE4-B88425598D13}.Debug|Any CPU.Build.0 = Debug|Any CPU
		{DA571B55-85F5-4AFE-8AE4-B88425598D13}.Release|Any CPU.ActiveCfg = Release|Any CPU
		{DA571B55-85F5-4AFE-8AE4-B88425598D13}.Release|Any CPU.Build.0 = Release|Any CPU
		{D42459A5-2BC6-45C8-9390-271D732FBA91}.Debug|Any CPU.ActiveCfg = Debug|Any CPU
		{D42459A5-2BC6-45C8-9390-271D732FBA91}.Debug|Any CPU.Build.0 = Debug|Any CPU
		{D42459A5-2BC6-45C8-9390-271D732FBA91}.Release|Any CPU.ActiveCfg = Release|Any CPU
		{D42459A5-2BC6-45C8-9390-271D732FBA91}.Release|Any CPU.Build.0 = Release|Any CPU
		{416A108E-367D-4003-B1BD-E3797E4ECD0A}.Debug|Any CPU.ActiveCfg = Debug|Any CPU
		{416A108E-367D-4003-B1BD-E3797E4ECD0A}.Debug|Any CPU.Build.0 = Debug|Any CPU
		{416A108E-367D-4003-B1BD-E3797E4ECD0A}.Release|Any CPU.ActiveCfg = Release|Any CPU
		{416A108E-367D-4003-B1BD-E3797E4ECD0A}.Release|Any CPU.Build.0 = Release|Any CPU
		{2DD3DD3D-3D3D-44B8-B231-218C1764F10F}.Debug|Any CPU.ActiveCfg = Debug|Any CPU
		{2DD3DD3D-3D3D-44B8-B231-218C1764F10F}.Debug|Any CPU.Build.0 = Debug|Any CPU
		{2DD3DD3D-3D3D-44B8-B231-218C1764F10F}.Release|Any CPU.ActiveCfg = Release|Any CPU
		{2DD3DD3D-3D3D-44B8-B231-218C1764F10F}.Release|Any CPU.Build.0 = Release|Any CPU
		{898C312A-EEFF-42AB-B387-E2ECEDB9CFAE}.Debug|Any CPU.ActiveCfg = Debug|Any CPU
		{898C312A-EEFF-42AB-B387-E2ECEDB9CFAE}.Debug|Any CPU.Build.0 = Debug|Any CPU
		{898C312A-EEFF-42AB-B387-E2ECEDB9CFAE}.Release|Any CPU.ActiveCfg = Release|Any CPU
		{898C312A-EEFF-42AB-B387-E2ECEDB9CFAE}.Release|Any CPU.Build.0 = Release|Any CPU
		{AF349435-B6B5-460B-91C1-98F07B1E3A6A}.Debug|Any CPU.ActiveCfg = Debug|Any CPU
		{AF349435-B6B5-460B-91C1-98F07B1E3A6A}.Debug|Any CPU.Build.0 = Debug|Any CPU
		{AF349435-B6B5-460B-91C1-98F07B1E3A6A}.Release|Any CPU.ActiveCfg = Release|Any CPU
		{AF349435-B6B5-460B-91C1-98F07B1E3A6A}.Release|Any CPU.Build.0 = Release|Any CPU
		{D3FF236F-5622-45A8-9BD9-09F25D282116}.Debug|Any CPU.ActiveCfg = Debug|Any CPU
		{D3FF236F-5622-45A8-9BD9-09F25D282116}.Debug|Any CPU.Build.0 = Debug|Any CPU
		{D3FF236F-5622-45A8-9BD9-09F25D282116}.Release|Any CPU.ActiveCfg = Release|Any CPU
		{D3FF236F-5622-45A8-9BD9-09F25D282116}.Release|Any CPU.Build.0 = Release|Any CPU
		{76BA52B9-116C-4158-BCCC-F7B5EF0D6DDC}.Debug|Any CPU.ActiveCfg = Debug|Any CPU
		{76BA52B9-116C-4158-BCCC-F7B5EF0D6DDC}.Debug|Any CPU.Build.0 = Debug|Any CPU
		{76BA52B9-116C-4158-BCCC-F7B5EF0D6DDC}.Release|Any CPU.ActiveCfg = Release|Any CPU
		{76BA52B9-116C-4158-BCCC-F7B5EF0D6DDC}.Release|Any CPU.Build.0 = Release|Any CPU
		{593A4861-260A-4A9B-A732-1BA148B62B18}.Debug|Any CPU.ActiveCfg = Debug|Any CPU
		{593A4861-260A-4A9B-A732-1BA148B62B18}.Debug|Any CPU.Build.0 = Debug|Any CPU
		{593A4861-260A-4A9B-A732-1BA148B62B18}.Release|Any CPU.ActiveCfg = Release|Any CPU
		{593A4861-260A-4A9B-A732-1BA148B62B18}.Release|Any CPU.Build.0 = Release|Any CPU
		{A3CEC991-E82C-4144-9B18-8D7076C89B06}.Debug|Any CPU.ActiveCfg = Debug|Any CPU
		{A3CEC991-E82C-4144-9B18-8D7076C89B06}.Debug|Any CPU.Build.0 = Debug|Any CPU
		{A3CEC991-E82C-4144-9B18-8D7076C89B06}.Release|Any CPU.ActiveCfg = Release|Any CPU
		{A3CEC991-E82C-4144-9B18-8D7076C89B06}.Release|Any CPU.Build.0 = Release|Any CPU
		{832950BC-0D35-4A26-9389-8A1645E5A8DB}.Debug|Any CPU.ActiveCfg = Debug|Any CPU
		{832950BC-0D35-4A26-9389-8A1645E5A8DB}.Debug|Any CPU.Build.0 = Debug|Any CPU
		{832950BC-0D35-4A26-9389-8A1645E5A8DB}.Release|Any CPU.ActiveCfg = Release|Any CPU
		{832950BC-0D35-4A26-9389-8A1645E5A8DB}.Release|Any CPU.Build.0 = Release|Any CPU
		{4114F564-4765-4BE5-8963-C1C9A8D9369E}.Debug|Any CPU.ActiveCfg = Debug|Any CPU
		{4114F564-4765-4BE5-8963-C1C9A8D9369E}.Debug|Any CPU.Build.0 = Debug|Any CPU
		{4114F564-4765-4BE5-8963-C1C9A8D9369E}.Release|Any CPU.ActiveCfg = Release|Any CPU
		{4114F564-4765-4BE5-8963-C1C9A8D9369E}.Release|Any CPU.Build.0 = Release|Any CPU
		{93090548-4154-4461-9AA3-7A5B084DE8BD}.Debug|Any CPU.ActiveCfg = Debug|Any CPU
		{93090548-4154-4461-9AA3-7A5B084DE8BD}.Debug|Any CPU.Build.0 = Debug|Any CPU
		{93090548-4154-4461-9AA3-7A5B084DE8BD}.Release|Any CPU.ActiveCfg = Release|Any CPU
		{93090548-4154-4461-9AA3-7A5B084DE8BD}.Release|Any CPU.Build.0 = Release|Any CPU
		{E56B09F4-12D6-4718-8AF2-9D7E743E4A21}.Debug|Any CPU.ActiveCfg = Debug|Any CPU
		{E56B09F4-12D6-4718-8AF2-9D7E743E4A21}.Debug|Any CPU.Build.0 = Debug|Any CPU
		{E56B09F4-12D6-4718-8AF2-9D7E743E4A21}.Release|Any CPU.ActiveCfg = Release|Any CPU
		{E56B09F4-12D6-4718-8AF2-9D7E743E4A21}.Release|Any CPU.Build.0 = Release|Any CPU
		{C5161DD0-06AF-4441-9456-FBE101735A20}.Debug|Any CPU.ActiveCfg = Debug|Any CPU
		{C5161DD0-06AF-4441-9456-FBE101735A20}.Debug|Any CPU.Build.0 = Debug|Any CPU
		{C5161DD0-06AF-4441-9456-FBE101735A20}.Release|Any CPU.ActiveCfg = Release|Any CPU
		{C5161DD0-06AF-4441-9456-FBE101735A20}.Release|Any CPU.Build.0 = Release|Any CPU
		{E88D9120-2230-42D1-83B1-913B7B60164D}.Debug|Any CPU.ActiveCfg = Debug|Any CPU
		{E88D9120-2230-42D1-83B1-913B7B60164D}.Debug|Any CPU.Build.0 = Debug|Any CPU
		{E88D9120-2230-42D1-83B1-913B7B60164D}.Release|Any CPU.ActiveCfg = Release|Any CPU
		{E88D9120-2230-42D1-83B1-913B7B60164D}.Release|Any CPU.Build.0 = Release|Any CPU
		{A030DA53-E007-4BBA-8D09-089A8C8E86DE}.Debug|Any CPU.ActiveCfg = Debug|Any CPU
		{A030DA53-E007-4BBA-8D09-089A8C8E86DE}.Debug|Any CPU.Build.0 = Debug|Any CPU
		{A030DA53-E007-4BBA-8D09-089A8C8E86DE}.Release|Any CPU.ActiveCfg = Release|Any CPU
		{A030DA53-E007-4BBA-8D09-089A8C8E86DE}.Release|Any CPU.Build.0 = Release|Any CPU
		{0CB75778-196A-4F84-901B-8B544A7ED196}.Debug|Any CPU.ActiveCfg = Debug|Any CPU
		{0CB75778-196A-4F84-901B-8B544A7ED196}.Debug|Any CPU.Build.0 = Debug|Any CPU
		{0CB75778-196A-4F84-901B-8B544A7ED196}.Release|Any CPU.ActiveCfg = Release|Any CPU
		{0CB75778-196A-4F84-901B-8B544A7ED196}.Release|Any CPU.Build.0 = Release|Any CPU
		{44680B22-E45F-4CF9-861C-067E4C4688B2}.Debug|Any CPU.ActiveCfg = Debug|Any CPU
		{44680B22-E45F-4CF9-861C-067E4C4688B2}.Debug|Any CPU.Build.0 = Debug|Any CPU
		{44680B22-E45F-4CF9-861C-067E4C4688B2}.Release|Any CPU.ActiveCfg = Release|Any CPU
		{44680B22-E45F-4CF9-861C-067E4C4688B2}.Release|Any CPU.Build.0 = Release|Any CPU
		{CB9515F2-D61C-416D-B9FA-519E92A2409C}.Debug|Any CPU.ActiveCfg = Debug|Any CPU
		{CB9515F2-D61C-416D-B9FA-519E92A2409C}.Debug|Any CPU.Build.0 = Debug|Any CPU
		{CB9515F2-D61C-416D-B9FA-519E92A2409C}.Release|Any CPU.ActiveCfg = Release|Any CPU
		{CB9515F2-D61C-416D-B9FA-519E92A2409C}.Release|Any CPU.Build.0 = Release|Any CPU
		{B69FD8B6-DE68-4695-9913-4C352DC873D9}.Debug|Any CPU.ActiveCfg = Debug|Any CPU
		{B69FD8B6-DE68-4695-9913-4C352DC873D9}.Debug|Any CPU.Build.0 = Debug|Any CPU
		{B69FD8B6-DE68-4695-9913-4C352DC873D9}.Release|Any CPU.ActiveCfg = Release|Any CPU
		{B69FD8B6-DE68-4695-9913-4C352DC873D9}.Release|Any CPU.Build.0 = Release|Any CPU
		{0936F2A4-64D0-4574-8222-90E723124C94}.Debug|Any CPU.ActiveCfg = Debug|Any CPU
		{0936F2A4-64D0-4574-8222-90E723124C94}.Debug|Any CPU.Build.0 = Debug|Any CPU
		{0936F2A4-64D0-4574-8222-90E723124C94}.Release|Any CPU.ActiveCfg = Release|Any CPU
		{0936F2A4-64D0-4574-8222-90E723124C94}.Release|Any CPU.Build.0 = Release|Any CPU
		{C6664055-720D-4CFC-93FB-618F880E8876}.Debug|Any CPU.ActiveCfg = Debug|Any CPU
		{C6664055-720D-4CFC-93FB-618F880E8876}.Debug|Any CPU.Build.0 = Debug|Any CPU
		{C6664055-720D-4CFC-93FB-618F880E8876}.Release|Any CPU.ActiveCfg = Release|Any CPU
		{C6664055-720D-4CFC-93FB-618F880E8876}.Release|Any CPU.Build.0 = Release|Any CPU
		{548584CF-2D39-427F-BB62-5B8FAFB1E8D2}.Debug|Any CPU.ActiveCfg = Debug|Any CPU
		{548584CF-2D39-427F-BB62-5B8FAFB1E8D2}.Debug|Any CPU.Build.0 = Debug|Any CPU
		{548584CF-2D39-427F-BB62-5B8FAFB1E8D2}.Release|Any CPU.ActiveCfg = Release|Any CPU
		{548584CF-2D39-427F-BB62-5B8FAFB1E8D2}.Release|Any CPU.Build.0 = Release|Any CPU
		{4869F8F7-701D-48E6-9386-7EEF89606737}.Debug|Any CPU.ActiveCfg = Debug|Any CPU
		{4869F8F7-701D-48E6-9386-7EEF89606737}.Debug|Any CPU.Build.0 = Debug|Any CPU
		{4869F8F7-701D-48E6-9386-7EEF89606737}.Release|Any CPU.ActiveCfg = Release|Any CPU
		{4869F8F7-701D-48E6-9386-7EEF89606737}.Release|Any CPU.Build.0 = Release|Any CPU
		{32397EED-E5FA-4E59-84B9-59ADEA4BC709}.Debug|Any CPU.ActiveCfg = Debug|Any CPU
		{32397EED-E5FA-4E59-84B9-59ADEA4BC709}.Debug|Any CPU.Build.0 = Debug|Any CPU
		{32397EED-E5FA-4E59-84B9-59ADEA4BC709}.Release|Any CPU.ActiveCfg = Release|Any CPU
		{32397EED-E5FA-4E59-84B9-59ADEA4BC709}.Release|Any CPU.Build.0 = Release|Any CPU
		{BF01D570-E06E-4861-A194-B37259E58669}.Debug|Any CPU.ActiveCfg = Debug|Any CPU
		{BF01D570-E06E-4861-A194-B37259E58669}.Debug|Any CPU.Build.0 = Debug|Any CPU
		{BF01D570-E06E-4861-A194-B37259E58669}.Release|Any CPU.ActiveCfg = Release|Any CPU
		{BF01D570-E06E-4861-A194-B37259E58669}.Release|Any CPU.Build.0 = Release|Any CPU
		{E78F59FA-F579-4581-B3DA-DF6E023F8C1A}.Debug|Any CPU.ActiveCfg = Debug|Any CPU
		{E78F59FA-F579-4581-B3DA-DF6E023F8C1A}.Debug|Any CPU.Build.0 = Debug|Any CPU
		{E78F59FA-F579-4581-B3DA-DF6E023F8C1A}.Release|Any CPU.ActiveCfg = Release|Any CPU
		{E78F59FA-F579-4581-B3DA-DF6E023F8C1A}.Release|Any CPU.Build.0 = Release|Any CPU
		{2913DDFC-9E38-4D33-8B8D-2BE419738A2D}.Debug|Any CPU.ActiveCfg = Debug|Any CPU
		{2913DDFC-9E38-4D33-8B8D-2BE419738A2D}.Debug|Any CPU.Build.0 = Debug|Any CPU
		{2913DDFC-9E38-4D33-8B8D-2BE419738A2D}.Release|Any CPU.ActiveCfg = Release|Any CPU
		{2913DDFC-9E38-4D33-8B8D-2BE419738A2D}.Release|Any CPU.Build.0 = Release|Any CPU
		{44BA244A-0897-4463-A82D-2CC204FEBDBA}.Debug|Any CPU.ActiveCfg = Debug|Any CPU
		{44BA244A-0897-4463-A82D-2CC204FEBDBA}.Debug|Any CPU.Build.0 = Debug|Any CPU
		{44BA244A-0897-4463-A82D-2CC204FEBDBA}.Release|Any CPU.ActiveCfg = Release|Any CPU
		{44BA244A-0897-4463-A82D-2CC204FEBDBA}.Release|Any CPU.Build.0 = Release|Any CPU
		{266E3E7F-2BE4-4F30-8D62-C7564FC16C37}.Debug|Any CPU.ActiveCfg = Debug|Any CPU
		{266E3E7F-2BE4-4F30-8D62-C7564FC16C37}.Debug|Any CPU.Build.0 = Debug|Any CPU
		{266E3E7F-2BE4-4F30-8D62-C7564FC16C37}.Release|Any CPU.ActiveCfg = Release|Any CPU
		{266E3E7F-2BE4-4F30-8D62-C7564FC16C37}.Release|Any CPU.Build.0 = Release|Any CPU
		{602A49B6-539F-4A69-8BC6-1CC42BDB1F5D}.Debug|Any CPU.ActiveCfg = Debug|Any CPU
		{602A49B6-539F-4A69-8BC6-1CC42BDB1F5D}.Debug|Any CPU.Build.0 = Debug|Any CPU
		{602A49B6-539F-4A69-8BC6-1CC42BDB1F5D}.Release|Any CPU.ActiveCfg = Release|Any CPU
		{602A49B6-539F-4A69-8BC6-1CC42BDB1F5D}.Release|Any CPU.Build.0 = Release|Any CPU
		{A63368E8-E5AC-4AA0-9E41-42A8265E56FC}.Debug|Any CPU.ActiveCfg = Debug|Any CPU
		{A63368E8-E5AC-4AA0-9E41-42A8265E56FC}.Debug|Any CPU.Build.0 = Debug|Any CPU
		{A63368E8-E5AC-4AA0-9E41-42A8265E56FC}.Release|Any CPU.ActiveCfg = Release|Any CPU
		{A63368E8-E5AC-4AA0-9E41-42A8265E56FC}.Release|Any CPU.Build.0 = Release|Any CPU
		{639B5250-7548-4A3E-B0C0-2BB473C42AEA}.Debug|Any CPU.ActiveCfg = Debug|Any CPU
		{639B5250-7548-4A3E-B0C0-2BB473C42AEA}.Debug|Any CPU.Build.0 = Debug|Any CPU
		{639B5250-7548-4A3E-B0C0-2BB473C42AEA}.Release|Any CPU.ActiveCfg = Release|Any CPU
		{639B5250-7548-4A3E-B0C0-2BB473C42AEA}.Release|Any CPU.Build.0 = Release|Any CPU
		{6E533270-B262-4FE2-9B1A-73876A5BDAAB}.Debug|Any CPU.ActiveCfg = Debug|Any CPU
		{6E533270-B262-4FE2-9B1A-73876A5BDAAB}.Debug|Any CPU.Build.0 = Debug|Any CPU
		{6E533270-B262-4FE2-9B1A-73876A5BDAAB}.Release|Any CPU.ActiveCfg = Release|Any CPU
		{6E533270-B262-4FE2-9B1A-73876A5BDAAB}.Release|Any CPU.Build.0 = Release|Any CPU
		{FA090438-807F-4623-89F4-9F521B3E816C}.Debug|Any CPU.ActiveCfg = Debug|Any CPU
		{FA090438-807F-4623-89F4-9F521B3E816C}.Debug|Any CPU.Build.0 = Debug|Any CPU
		{FA090438-807F-4623-89F4-9F521B3E816C}.Release|Any CPU.ActiveCfg = Release|Any CPU
		{FA090438-807F-4623-89F4-9F521B3E816C}.Release|Any CPU.Build.0 = Release|Any CPU
		{7F3C1FBF-9200-407E-934B-C0B3271E6449}.Debug|Any CPU.ActiveCfg = Debug|Any CPU
		{7F3C1FBF-9200-407E-934B-C0B3271E6449}.Debug|Any CPU.Build.0 = Debug|Any CPU
		{7F3C1FBF-9200-407E-934B-C0B3271E6449}.Release|Any CPU.ActiveCfg = Release|Any CPU
		{7F3C1FBF-9200-407E-934B-C0B3271E6449}.Release|Any CPU.Build.0 = Release|Any CPU
		{91DD4107-12C2-47F6-89A7-0AF1A1F6EE67}.Debug|Any CPU.ActiveCfg = Debug|Any CPU
		{91DD4107-12C2-47F6-89A7-0AF1A1F6EE67}.Debug|Any CPU.Build.0 = Debug|Any CPU
		{91DD4107-12C2-47F6-89A7-0AF1A1F6EE67}.Release|Any CPU.ActiveCfg = Release|Any CPU
		{91DD4107-12C2-47F6-89A7-0AF1A1F6EE67}.Release|Any CPU.Build.0 = Release|Any CPU
		{5D9B3CA8-BDDA-492D-82E7-3C1FBC68CC7E}.Debug|Any CPU.ActiveCfg = Debug|Any CPU
		{5D9B3CA8-BDDA-492D-82E7-3C1FBC68CC7E}.Debug|Any CPU.Build.0 = Debug|Any CPU
		{5D9B3CA8-BDDA-492D-82E7-3C1FBC68CC7E}.Release|Any CPU.ActiveCfg = Release|Any CPU
		{5D9B3CA8-BDDA-492D-82E7-3C1FBC68CC7E}.Release|Any CPU.Build.0 = Release|Any CPU
		{F4723396-055E-44A7-8125-692F00A36F10}.Debug|Any CPU.ActiveCfg = Debug|Any CPU
		{F4723396-055E-44A7-8125-692F00A36F10}.Debug|Any CPU.Build.0 = Debug|Any CPU
		{F4723396-055E-44A7-8125-692F00A36F10}.Release|Any CPU.ActiveCfg = Release|Any CPU
		{F4723396-055E-44A7-8125-692F00A36F10}.Release|Any CPU.Build.0 = Release|Any CPU
		{57B59001-7229-4EA0-8530-8BC3B5211B7E}.Debug|Any CPU.ActiveCfg = Debug|Any CPU
		{57B59001-7229-4EA0-8530-8BC3B5211B7E}.Debug|Any CPU.Build.0 = Debug|Any CPU
		{57B59001-7229-4EA0-8530-8BC3B5211B7E}.Release|Any CPU.ActiveCfg = Release|Any CPU
		{57B59001-7229-4EA0-8530-8BC3B5211B7E}.Release|Any CPU.Build.0 = Release|Any CPU
		{E92F1F07-3196-49FA-94F5-205A8A0AE8FA}.Debug|Any CPU.ActiveCfg = Debug|Any CPU
		{E92F1F07-3196-49FA-94F5-205A8A0AE8FA}.Debug|Any CPU.Build.0 = Debug|Any CPU
		{E92F1F07-3196-49FA-94F5-205A8A0AE8FA}.Release|Any CPU.ActiveCfg = Release|Any CPU
		{E92F1F07-3196-49FA-94F5-205A8A0AE8FA}.Release|Any CPU.Build.0 = Release|Any CPU
		{2A7D689C-DC58-4FFF-808B-CE6D477D94EF}.Debug|Any CPU.ActiveCfg = Debug|Any CPU
		{2A7D689C-DC58-4FFF-808B-CE6D477D94EF}.Debug|Any CPU.Build.0 = Debug|Any CPU
		{2A7D689C-DC58-4FFF-808B-CE6D477D94EF}.Release|Any CPU.ActiveCfg = Release|Any CPU
		{2A7D689C-DC58-4FFF-808B-CE6D477D94EF}.Release|Any CPU.Build.0 = Release|Any CPU
		{9C829F38-71EF-4B82-8D0A-24DD05719857}.Debug|Any CPU.ActiveCfg = Debug|Any CPU
		{9C829F38-71EF-4B82-8D0A-24DD05719857}.Debug|Any CPU.Build.0 = Debug|Any CPU
		{9C829F38-71EF-4B82-8D0A-24DD05719857}.Release|Any CPU.ActiveCfg = Release|Any CPU
		{9C829F38-71EF-4B82-8D0A-24DD05719857}.Release|Any CPU.Build.0 = Release|Any CPU
		{9E908409-277C-42DA-9D83-A457216D26F1}.Debug|Any CPU.ActiveCfg = Debug|Any CPU
		{9E908409-277C-42DA-9D83-A457216D26F1}.Debug|Any CPU.Build.0 = Debug|Any CPU
		{9E908409-277C-42DA-9D83-A457216D26F1}.Release|Any CPU.ActiveCfg = Release|Any CPU
		{9E908409-277C-42DA-9D83-A457216D26F1}.Release|Any CPU.Build.0 = Release|Any CPU
		{1D955922-4094-4D34-AA71-76810717038A}.Debug|Any CPU.ActiveCfg = Debug|Any CPU
		{1D955922-4094-4D34-AA71-76810717038A}.Debug|Any CPU.Build.0 = Debug|Any CPU
		{1D955922-4094-4D34-AA71-76810717038A}.Release|Any CPU.ActiveCfg = Release|Any CPU
		{1D955922-4094-4D34-AA71-76810717038A}.Release|Any CPU.Build.0 = Release|Any CPU
		{44449D21-8AF2-42AB-982E-9414DE43EFEF}.Debug|Any CPU.ActiveCfg = Debug|Any CPU
		{44449D21-8AF2-42AB-982E-9414DE43EFEF}.Debug|Any CPU.Build.0 = Debug|Any CPU
		{44449D21-8AF2-42AB-982E-9414DE43EFEF}.Release|Any CPU.ActiveCfg = Release|Any CPU
		{44449D21-8AF2-42AB-982E-9414DE43EFEF}.Release|Any CPU.Build.0 = Release|Any CPU
		{CA22EF2C-79E5-45B6-973A-03558023B747}.Debug|Any CPU.ActiveCfg = Debug|Any CPU
		{CA22EF2C-79E5-45B6-973A-03558023B747}.Debug|Any CPU.Build.0 = Debug|Any CPU
		{CA22EF2C-79E5-45B6-973A-03558023B747}.Release|Any CPU.ActiveCfg = Release|Any CPU
		{CA22EF2C-79E5-45B6-973A-03558023B747}.Release|Any CPU.Build.0 = Release|Any CPU
		{19094DD6-E0F2-42FD-AF07-BB9D5715A75E}.Debug|Any CPU.ActiveCfg = Debug|Any CPU
		{19094DD6-E0F2-42FD-AF07-BB9D5715A75E}.Debug|Any CPU.Build.0 = Debug|Any CPU
		{19094DD6-E0F2-42FD-AF07-BB9D5715A75E}.Release|Any CPU.ActiveCfg = Release|Any CPU
		{19094DD6-E0F2-42FD-AF07-BB9D5715A75E}.Release|Any CPU.Build.0 = Release|Any CPU
		{C15023A4-AD69-4B86-A874-86EEDCCACC8B}.Debug|Any CPU.ActiveCfg = Debug|Any CPU
		{C15023A4-AD69-4B86-A874-86EEDCCACC8B}.Debug|Any CPU.Build.0 = Debug|Any CPU
		{C15023A4-AD69-4B86-A874-86EEDCCACC8B}.Release|Any CPU.ActiveCfg = Release|Any CPU
		{C15023A4-AD69-4B86-A874-86EEDCCACC8B}.Release|Any CPU.Build.0 = Release|Any CPU
		{2151CBCC-73BF-4DD2-A3F9-2EFA692559D0}.Debug|Any CPU.ActiveCfg = Debug|Any CPU
		{2151CBCC-73BF-4DD2-A3F9-2EFA692559D0}.Debug|Any CPU.Build.0 = Debug|Any CPU
		{2151CBCC-73BF-4DD2-A3F9-2EFA692559D0}.Release|Any CPU.ActiveCfg = Release|Any CPU
		{2151CBCC-73BF-4DD2-A3F9-2EFA692559D0}.Release|Any CPU.Build.0 = Release|Any CPU
		{381A253C-4810-4D9B-BF82-B3845BA63209}.Debug|Any CPU.ActiveCfg = Debug|Any CPU
		{381A253C-4810-4D9B-BF82-B3845BA63209}.Debug|Any CPU.Build.0 = Debug|Any CPU
		{381A253C-4810-4D9B-BF82-B3845BA63209}.Release|Any CPU.ActiveCfg = Release|Any CPU
		{381A253C-4810-4D9B-BF82-B3845BA63209}.Release|Any CPU.Build.0 = Release|Any CPU
		{FB8EF1A8-A7F7-431F-A434-DC9F03370A0F}.Debug|Any CPU.ActiveCfg = Debug|Any CPU
		{FB8EF1A8-A7F7-431F-A434-DC9F03370A0F}.Debug|Any CPU.Build.0 = Debug|Any CPU
		{FB8EF1A8-A7F7-431F-A434-DC9F03370A0F}.Release|Any CPU.ActiveCfg = Release|Any CPU
		{FB8EF1A8-A7F7-431F-A434-DC9F03370A0F}.Release|Any CPU.Build.0 = Release|Any CPU
		{2E5558B6-E9CC-4B48-B8E4-DA1276C11CDF}.Debug|Any CPU.ActiveCfg = Debug|Any CPU
		{2E5558B6-E9CC-4B48-B8E4-DA1276C11CDF}.Debug|Any CPU.Build.0 = Debug|Any CPU
		{2E5558B6-E9CC-4B48-B8E4-DA1276C11CDF}.Release|Any CPU.ActiveCfg = Release|Any CPU
		{2E5558B6-E9CC-4B48-B8E4-DA1276C11CDF}.Release|Any CPU.Build.0 = Release|Any CPU
	EndGlobalSection
	GlobalSection(SolutionProperties) = preSolution
		HideSolutionNode = FALSE
	EndGlobalSection
	GlobalSection(ExtensibilityGlobals) = postSolution
		SolutionGuid = {756BFEC6-FBF6-4DA0-91D5-AF4DC990B725}
	EndGlobalSection
EndGlobal
